# This file is automatically @generated by Cargo.
# It is not intended for manual editing.
version = 3

[[package]]
name = "autocfg"
version = "1.0.1"
source = "registry+https://github.com/rust-lang/crates.io-index"
checksum = "cdb031dd78e28731d87d56cc8ffef4a8f36ca26c38fe2de700543e627f8a464a"

[[package]]
name = "cfg-if"
version = "1.0.0"
source = "registry+https://github.com/rust-lang/crates.io-index"
checksum = "baf1de4339761588bc0619e3cbc0120ee582ebb74b53b4efbf79117bd2da40fd"

[[package]]
name = "cortex"
version = "0.1.5"
source = "registry+https://github.com/rust-lang/crates.io-index"
checksum = "d22b2cf987f99f5af87f0cbeb29c63d508f008901935eeddd91913e188e65890"

[[package]]
name = "egg"
version = "0.6.0"
source = "registry+https://github.com/rust-lang/crates.io-index"
checksum = "05a6c0bbc92278f84e742f08c0ab9cb16a987376cd2bc39d228ef9c74d98d6f7"
dependencies = [
 "indexmap 1.7.0",
 "instant",
 "log",
 "once_cell",
 "smallvec",
 "symbolic_expressions",
]

[[package]]
name = "either"
version = "1.6.1"
source = "registry+https://github.com/rust-lang/crates.io-index"
checksum = "e78d4f1cc4ae33bbfc157ed5d5a5ef3bc29227303d595861deb238fcec4e9457"

[[package]]
name = "hashbrown"
version = "0.11.2"
source = "registry+https://github.com/rust-lang/crates.io-index"
checksum = "ab5ef0d4909ef3724cc8cce6ccc8572c5c817592e9285f5464f8e86f8bd3726e"

[[package]]
name = "indexmap"
version = "0.4.1"
source = "registry+https://github.com/rust-lang/crates.io-index"
checksum = "7164c96d6e18ccc3ce43f3dedac996c21a220670a106c275b96ad92110401362"

[[package]]
name = "indexmap"
version = "1.7.0"
source = "registry+https://github.com/rust-lang/crates.io-index"
checksum = "bc633605454125dec4b66843673f01c7df2b89479b32e0ed634e43a91cff62a5"
dependencies = [
 "autocfg",
 "hashbrown",
]

[[package]]
name = "instant"
version = "0.1.11"
source = "registry+https://github.com/rust-lang/crates.io-index"
checksum = "716d3d89f35ac6a34fd0eed635395f4c3b76fa889338a4632e5231a8684216bd"
dependencies = [
 "cfg-if",
]

[[package]]
name = "itertools"
version = "0.8.2"
source = "registry+https://github.com/rust-lang/crates.io-index"
checksum = "f56a2d0bc861f9165be4eb3442afd3c236d8a98afd426f65d92324ae1091a484"
dependencies = [
 "either",
]

[[package]]
name = "log"
version = "0.4.14"
source = "registry+https://github.com/rust-lang/crates.io-index"
checksum = "51b9bbe6c47d51fc3e1a9b945965946b4c44142ab8792c50835a980d362c2710"
dependencies = [
 "cfg-if",
]

[[package]]
name = "num-traits"
version = "0.2.14"
source = "registry+https://github.com/rust-lang/crates.io-index"
checksum = "9a64b1ec5cda2586e284722486d802acf1f7dbdc623e2bfc57e65ca1cd099290"
dependencies = [
 "autocfg",
]

[[package]]
name = "once_cell"
version = "1.8.0"
source = "registry+https://github.com/rust-lang/crates.io-index"
checksum = "692fcb63b64b1758029e0a96ee63e049ce8c5948587f2f7208df04625e5f6b56"

[[package]]
name = "priority-queue"
version = "0.5.4"
source = "registry+https://github.com/rust-lang/crates.io-index"
checksum = "12c349103858e4f8dd8eca2788f6d7b2f351ce77517d0227e6ea698f2a6110d2"
dependencies = [
 "indexmap 0.4.1",
]

[[package]]
name = "sexp"
version = "1.1.4"
source = "registry+https://github.com/rust-lang/crates.io-index"
checksum = "9c8fa7ac9df84000b0238cf497cb2d3056bac2ff2a7d8cf179d2803b4b58571f"

[[package]]
name = "smallvec"
version = "1.6.1"
source = "registry+https://github.com/rust-lang/crates.io-index"
checksum = "fe0f37c9e8f3c5a4a66ad655a93c74daac4ad00c441533bf5c6e7990bb42604e"

[[package]]
name = "spaces"
version = "5.0.0"
source = "registry+https://github.com/rust-lang/crates.io-index"
checksum = "5897ef48e6efcee1ca844267cd2036bc67e056612c48e445e240dbe25e193ceb"
dependencies = [
 "itertools",
 "num-traits",
]

[[package]]
name = "symbolic_expressions"
version = "5.0.3"
source = "registry+https://github.com/rust-lang/crates.io-index"
checksum = "7c68d531d83ec6c531150584c42a4290911964d5f0d79132b193b67252a23b71"

[[package]]
name = "vortex"
version = "0.1.0"
dependencies = [
 "cortex",
 "egg",
 "priority-queue",
 "sexp",
 "spaces",
]
